// !$*UTF8*$!
{
	archiveVersion = 1;
	classes = {
	};
	objectVersion = 46;
	objects = {

/* Begin PBXBuildFile section */
		F21246A51BF63A450011B6CB /* AppDelegate.swift in Sources */ = {isa = PBXBuildFile; fileRef = F21246A41BF63A450011B6CB /* AppDelegate.swift */; };
		F21246A71BF63A450011B6CB /* ViewController.swift in Sources */ = {isa = PBXBuildFile; fileRef = F21246A61BF63A450011B6CB /* ViewController.swift */; };
		F21246AA1BF63A450011B6CB /* Main.storyboard in Resources */ = {isa = PBXBuildFile; fileRef = F21246A81BF63A450011B6CB /* Main.storyboard */; };
		F21246AC1BF63A450011B6CB /* Assets.xcassets in Resources */ = {isa = PBXBuildFile; fileRef = F21246AB1BF63A450011B6CB /* Assets.xcassets */; };
		F21246AF1BF63A450011B6CB /* LaunchScreen.storyboard in Resources */ = {isa = PBXBuildFile; fileRef = F21246AD1BF63A450011B6CB /* LaunchScreen.storyboard */; };
/* End PBXBuildFile section */

/* Begin PBXFileReference section */
		F21246A11BF63A450011B6CB /* CollectionViewSideSwipe.app */ = {isa = PBXFileReference; explicitFileType = wrapper.application; includeInIndex = 0; path = CollectionViewSideSwipe.app; sourceTree = BUILT_PRODUCTS_DIR; };
		F21246A41BF63A450011B6CB /* AppDelegate.swift */ = {isa = PBXFileReference; lastKnownFileType = sourcecode.swift; path = AppDelegate.swift; sourceTree = "<group>"; };
		F21246A61BF63A450011B6CB /* ViewController.swift */ = {isa = PBXFileReference; lastKnownFileType = sourcecode.swift; path = ViewController.swift; sourceTree = "<group>"; };
		F21246A91BF63A450011B6CB /* Base */ = {isa = PBXFileReference; lastKnownFileType = file.storyboard; name = Base; path = Base.lproj/Main.storyboard; sourceTree = "<group>"; };
		F21246AB1BF63A450011B6CB /* Assets.xcassets */ = {isa = PBXFileReference; lastKnownFileType = folder.assetcatalog; path = Assets.xcassets; sourceTree = "<group>"; };
		F21246AE1BF63A450011B6CB /* Base */ = {isa = PBXFileReference; lastKnownFileType = file.storyboard; name = Base; path = Base.lproj/LaunchScreen.storyboard; sourceTree = "<group>"; };
		F21246B01BF63A450011B6CB /* Info.plist */ = {isa = PBXFileReference; lastKnownFileType = text.plist.xml; path = Info.plist; sourceTree = "<group>"; };
/* End PBXFileReference section */

/* Begin PBXFrameworksBuildPhase section */
		F212469E1BF63A450011B6CB /* Frameworks */ = {
			isa = PBXFrameworksBuildPhase;
			buildActionMask = 2147483647;
			files = (
			);
			runOnlyForDeploymentPostprocessing = 0;
		};
/* End PBXFrameworksBuildPhase section */

/* Begin PBXGroup section */
		F21246981BF63A450011B6CB = {
			isa = PBXGroup;
			children = (
				F21246A31BF63A450011B6CB /* CollectionViewSideSwipe */,
				F21246A21BF63A450011B6CB /* Products */,
			);
			sourceTree = "<group>";
		};
		F21246A21BF63A450011B6CB /* Products */ = {
			isa = PBXGroup;
			children = (
				F21246A11BF63A450011B6CB /* CollectionViewSideSwipe.app */,
			);
			name = Products;
			sourceTree = "<group>";
		};
		F21246A31BF63A450011B6CB /* CollectionViewSideSwipe */ = {
			isa = PBXGroup;
			children = (
				F21246A41BF63A450011B6CB /* AppDelegate.swift */,
				F21246A61BF63A450011B6CB /* ViewController.swift */,
				F21246A81BF63A450011B6CB /* Main.storyboard */,
				F21246AB1BF63A450011B6CB /* Assets.xcassets */,
				F21246AD1BF63A450011B6CB /* LaunchScreen.storyboard */,
				F21246B01BF63A450011B6CB /* Info.plist */,
			);
			path = CollectionViewSideSwipe;
			sourceTree = "<group>";
		};
/* End PBXGroup section */

/* Begin PBXNativeTarget section */
		F21246A01BF63A450011B6CB /* CollectionViewSideSwipe */ = {
			isa = PBXNativeTarget;
			buildConfigurationList = F21246B31BF63A450011B6CB /* Build configuration list for PBXNativeTarget "CollectionViewSideSwipe" */;
			buildPhases = (
				F212469D1BF63A450011B6CB /* Sources */,
				F212469E1BF63A450011B6CB /* Frameworks */,
				F212469F1BF63A450011B6CB /* Resources */,
			);
			buildRules = (
			);
			dependencies = (
			);
			name = CollectionViewSideSwipe;
			productName = CollectionViewSideSwipe;
			productReference = F21246A11BF63A450011B6CB /* CollectionViewSideSwipe.app */;
			productType = "com.apple.product-type.application";
		};
/* End PBXNativeTarget section */

/* Begin PBXProject section */
		F21246991BF63A450011B6CB /* Project object */ = {
			isa = PBXProject;
			attributes = {
				LastSwiftUpdateCheck = 0710;
				LastUpgradeCheck = 0710;
				ORGANIZATIONNAME = Flybits;
				TargetAttributes = {
					F21246A01BF63A450011B6CB = {
						CreatedOnToolsVersion = 7.1;
					};
				};
			};
			buildConfigurationList = F212469C1BF63A450011B6CB /* Build configuration list for PBXProject "CollectionViewSideSwipe" */;
			compatibilityVersion = "Xcode 3.2";
			developmentRegion = English;
			hasScannedForEncodings = 0;
			knownRegions = (
				en,
				Base,
			);
			mainGroup = F21246981BF63A450011B6CB;
			productRefGroup = F21246A21BF63A450011B6CB /* Products */;
			projectDirPath = "";
			projectRoot = "";
			targets = (
				F21246A01BF63A450011B6CB /* CollectionViewSideSwipe */,
			);
		};
/* End PBXProject section */

/* Begin PBXResourcesBuildPhase section */
		F212469F1BF63A450011B6CB /* Resources */ = {
			isa = PBXResourcesBuildPhase;
			buildActionMask = 2147483647;
			files = (
				F21246AF1BF63A450011B6CB /* LaunchScreen.storyboard in Resources */,
				F21246AC1BF63A450011B6CB /* Assets.xcassets in Resources */,
				F21246AA1BF63A450011B6CB /* Main.storyboard in Resources */,
			);
			runOnlyForDeploymentPostprocessing = 0;
		};
/* End PBXResourcesBuildPhase section */

/* Begin PBXSourcesBuildPhase section */
		F212469D1BF63A450011B6CB /* Sources */ = {
			isa = PBXSourcesBuildPhase;
			buildActionMask = 2147483647;
			files = (
				F21246A71BF63A450011B6CB /* ViewController.swift in Sources */,
				F21246A51BF63A450011B6CB /* AppDelegate.swift in Sources */,
			);
			runOnlyForDeploymentPostprocessing = 0;
		};
/* End PBXSourcesBuildPhase section */

/* Begin PBXVariantGroup section */
		F21246A81BF63A450011B6CB /* Main.storyboard */ = {
			isa = PBXVariantGroup;
			children = (
				F21246A91BF63A450011B6CB /* Base */,
			);
			name = Main.storyboard;
			sourceTree = "<group>";
		};
		F21246AD1BF63A450011B6CB /* LaunchScreen.storyboard */ = {
			isa = PBXVariantGroup;
			children = (
				F21246AE1BF63A450011B6CB /* Base */,
			);
			name = LaunchScreen.storyboard;
			sourceTree = "<group>";
		};
/* End PBXVariantGroup section */

/* Begin XCBuildConfiguration section */
		F21246B11BF63A450011B6CB /* Debug */ = {
			isa = XCBuildConfiguration;
			buildSettings = {
				ALWAYS_SEARCH_USER_PATHS = NO;
				CLANG_CXX_LANGUAGE_STANDARD = "gnu++0x";
				CLANG_CXX_LIBRARY = "libc++";
				CLANG_ENABLE_MODULES = YES;
				CLANG_ENABLE_OBJC_ARC = YES;
				CLANG_WARN_BOOL_CONVERSION = YES;
				CLANG_WARN_CONSTANT_CONVERSION = YES;
				CLANG_WARN_DIRECT_OBJC_ISA_USAGE = YES_ERROR;
				CLANG_WARN_EMPTY_BODY = YES;
				CLANG_WARN_ENUM_CONVERSION = YES;
				CLANG_WARN_INT_CONVERSION = YES;
				CLANG_WARN_OBJC_ROOT_CLASS = YES_ERROR;
				CLANG_WARN_UNREACHABLE_CODE = YES;
				CLANG_WARN__DUPLICATE_METHOD_MATCH = YES;
				"CODE_SIGN_IDENTITY[sdk=iphoneos*]" = "iPhone Developer";
				COPY_PHASE_STRIP = NO;
				DEBUG_INFORMATION_FORMAT = dwarf;
				ENABLE_STRICT_OBJC_MSGSEND = YES;
				ENABLE_TESTABILITY = YES;
				GCC_C_LANGUAGE_STANDARD = gnu99;
				GCC_DYNAMIC_NO_PIC = NO;
				GCC_NO_COMMON_BLOCKS = YES;
				GCC_OPTIMIZATION_LEVEL = 0;
				GCC_PREPROCESSOR_DEFINITIONS = (
					"DEBUG=1",
					"$(inherited)",
				);
				GCC_WARN_64_TO_32_BIT_CONVERSION = YES;
				GCC_WARN_ABOUT_RETURN_TYPE = YES_ERROR;
				GCC_WARN_UNDECLARED_SELECTOR = YES;
				GCC_WARN_UNINITIALIZED_AUTOS = YES_AGGRESSIVE;
				GCC_WARN_UNUSED_FUNCTION = YES;
				GCC_WARN_UNUSED_VARIABLE = YES;
				IPHONEOS_DEPLOYMENT_TARGET = 9.1;
				MTL_ENABLE_DEBUG_INFO = YES;
				ONLY_ACTIVE_ARCH = YES;
				SDKROOT = iphoneos;
				SWIFT_OPTIMIZATION_LEVEL = "-Onone";
				TARGETED_DEVICE_FAMILY = "1,2";
			};
			name = Debug;
		};
		F21246B21BF63A450011B6CB /* Release */ = {
			isa = XCBuildConfiguration;
			buildSettings = {
				ALWAYS_SEARCH_USER_PATHS = NO;
				CLANG_CXX_LANGUAGE_STANDARD = "gnu++0x";
				CLANG_CXX_LIBRARY = "libc++";
				CLANG_ENABLE_MODULES = YES;
				CLANG_ENABLE_OBJC_ARC = YES;
				CLANG_WARN_BOOL_CONVERSION = YES;
				CLANG_WARN_CONSTANT_CONVERSION = YES;
				CLANG_WARN_DIRECT_OBJC_ISA_USAGE = YES_ERROR;
				CLANG_WARN_EMPTY_BODY = YES;
				CLANG_WARN_ENUM_CONVERSION = YES;
				CLANG_WARN_INT_CONVERSION = YES;
				CLANG_WARN_OBJC_ROOT_CLASS = YES_ERROR;
				CLANG_WARN_UNREACHABLE_CODE = YES;
				CLANG_WARN__DUPLICATE_METHOD_MATCH = YES;
				"CODE_SIGN_IDENTITY[sdk=iphoneos*]" = "iPhone Developer";
				COPY_PHASE_STRIP = NO;
				DEBUG_INFORMATION_FORMAT = "dwarf-with-dsym";
				ENABLE_NS_ASSERTIONS = NO;
				ENABLE_STRICT_OBJC_MSGSEND = YES;
				GCC_C_LANGUAGE_STANDARD = gnu99;
				GCC_NO_COMMON_BLOCKS = YES;
				GCC_WARN_64_TO_32_BIT_CONVERSION = YES;
				GCC_WARN_ABOUT_RETURN_TYPE = YES_ERROR;
				GCC_WARN_UNDECLARED_SELECTOR = YES;
				GCC_WARN_UNINITIALIZED_AUTOS = YES_AGGRESSIVE;
				GCC_WARN_UNUSED_FUNCTION = YES;
				GCC_WARN_UNUSED_VARIABLE = YES;
				IPHONEOS_DEPLOYMENT_TARGET = 9.1;
				MTL_ENABLE_DEBUG_INFO = NO;
				SDKROOT = iphoneos;
				TARGETED_DEVICE_FAMILY = "1,2";
				VALIDATE_PRODUCT = YES;
			};
			name = Release;
		};
		F21246B41BF63A450011B6CB /* Debug */ = {
			isa = XCBuildConfiguration;
			buildSettings = {
				ASSETCATALOG_COMPILER_APPICON_NAME = AppIcon;
				INFOPLIST_FILE = CollectionViewSideSwipe/Info.plist;
				LD_RUNPATH_SEARCH_PATHS = "$(inherited) @executable_path/Frameworks";
				PRODUCT_BUNDLE_IDENTIFIER = com.Flybits.CollectionViewSideSwipe;
				PRODUCT_NAME = "$(TARGET_NAME)";
			};
			name = Debug;
		};
		F21246B51BF63A450011B6CB /* Release */ = {
			isa = XCBuildConfiguration;
			buildSettings = {
				ASSETCATALOG_COMPILER_APPICON_NAME = AppIcon;
				INFOPLIST_FILE = CollectionViewSideSwipe/Info.plist;
				LD_RUNPATH_SEARCH_PATHS = "$(inherited) @executable_path/Frameworks";
				PRODUCT_BUNDLE_IDENTIFIER = com.Flybits.CollectionViewSideSwipe;
				PRODUCT_NAME = "$(TARGET_NAME)";
			};
			name = Release;
		};
/* End XCBuildConfiguration section */

/* Begin XCConfigurationList section */
		F212469C1BF63A450011B6CB /* Build configuration list for PBXProject "CollectionViewSideSwipe" */ = {
			isa = XCConfigurationList;
			buildConfigurations = (
				F21246B11BF63A450011B6CB /* Debug */,
				F21246B21BF63A450011B6CB /* Release */,
			);
			defaultConfigurationIsVisible = 0;
			defaultConfigurationName = Release;
		};
		F21246B31BF63A450011B6CB /* Build configuration list for PBXNativeTarget "CollectionViewSideSwipe" */ = {
			isa = XCConfigurationList;
			buildConfigurations = (
				F21246B41BF63A450011B6CB /* Debug */,
				F21246B51BF63A450011B6CB /* Release */,
			);
			defaultConfigurationIsVisible = 0;
		};
/* End XCConfigurationList section */
	};
	rootObject = F21246991BF63A450011B6CB /* Project object */;
}
